
Microsoft Visual Studio Solution File, Format Version 12.00
# Visual Studio Version 17
VisualStudioVersion = 17.0.32014.148
MinimumVisualStudioVersion = 10.0.40219.1
Project("{FAE04EC0-301F-11D3-BF4B-00C04F79EFBC}") = "MathSnake", "MathSnake\MathSnake.csproj", "{7AAB722E-8C24-4197-834F-4C488903E06A}"
EndProject
Global
	GlobalSection(SolutionConfigurationPlatforms) = preSolution
		Debug|Any CPU = Debug|Any CPU
		Release|Any CPU = Release|Any CPU
	EndGlobalSection
	GlobalSection(ProjectConfigurationPlatforms) = postSolution
		{7AAB722E-8C24-4197-834F-4C488903E06A}.Debug|Any CPU.ActiveCfg = Debug|Any CPU
		{7AAB722E-8C24-4197-834F-4C488903E06A}.Debug|Any CPU.Build.0 = Debug|Any CPU
		{7AAB722E-8C24-4197-834F-4C488903E06A}.Release|Any CPU.ActiveCfg = Release|Any CPU
		{7AAB722E-8C24-4197-834F-4C488903E06A}.Release|Any CPU.Build.0 = Release|Any CPU
	EndGlobalSection
	GlobalSection(SolutionProperties) = preSolution
		HideSolutionNode = FALSE
	EndGlobalSection
	GlobalSection(ExtensibilityGlobals) = postSolution
		SolutionGuid = {01599170-308F-4272-A9DF-944ACB5C447C}
	EndGlobalSection
EndGlobal
